
Microsoft Visual Studio Solution File, Format Version 12.00
# Visual Studio Version 16
VisualStudioVersion = 16.0.30517.126
MinimumVisualStudioVersion = 10.0.40219.1
Project("{9A19103F-16F7-4668-BE54-9A1E7A4F7556}") = "Oqtane.Docs", "Oqtane.Docs\Oqtane.Docs.csproj", "{50ACC559-E364-43CA-9D98-FF466D02CEB8}"
EndProject
Global
	GlobalSection(SolutionConfigurationPlatforms) = preSolution
		Debug|Any CPU = Debug|Any CPU
		Release|Any CPU = Release|Any CPU
	EndGlobalSection
	GlobalSection(ProjectConfigurationPlatforms) = postSolution
		{50ACC559-E364-43CA-9D98-FF466D02CEB8}.Debug|Any CPU.ActiveCfg = Debug|Any CPU
		{50ACC559-E364-43CA-9D98-FF466D02CEB8}.Debug|Any CPU.Build.0 = Debug|Any CPU
		{50ACC559-E364-43CA-9D98-FF466D02CEB8}.Release|Any CPU.ActiveCfg = Release|Any CPU
		{50ACC559-E364-43CA-9D98-FF466D02CEB8}.Release|Any CPU.Build.0 = Release|Any CPU
	EndGlobalSection
	GlobalSection(SolutionProperties) = preSolution
		HideSolutionNode = FALSE
	EndGlobalSection
	GlobalSection(ExtensibilityGlobals) = postSolution
		SolutionGuid = {3D26E73C-886B-4EF7-BD53-FBB2288C1A47}
	EndGlobalSection
EndGlobal
